
Microsoft Visual Studio Solution File, Format Version 12.00
# Visual Studio Version 16
VisualStudioVersion = 16.0.30804.86
MinimumVisualStudioVersion = 10.0.40219.1
Project("{9A19103F-16F7-4668-BE54-9A1E7A4F7556}") = "FunWithAspNetCoreMvc", "FunWithAspNetCoreMvc\FunWithAspNetCoreMvc.csproj", "{095D65E9-68F5-437D-9DA2-3EAEE6ABDF9B}"
EndProject
Project("{FAE04EC0-301F-11D3-BF4B-00C04F79EFBC}") = "FunWithAspNetCoreMvc.Domain", "FunWithAspNetCoreMvc.Domain\FunWithAspNetCoreMvc.Domain.csproj", "{DFABB18C-A57A-49E9-B275-C6F34BB3F61F}"
EndProject
Project("{FAE04EC0-301F-11D3-BF4B-00C04F79EFBC}") = "FunWithAspNetCoreMvc.Repository", "FunWithAspNetCoreMvc.Repository\FunWithAspNetCoreMvc.Repository.csproj", "{87ACC2A0-0424-45D9-9AF9-CE2229391DF7}"
EndProject
Project("{FAE04EC0-301F-11D3-BF4B-00C04F79EFBC}") = "FunWithAspNetCoreMvc.Service", "FunWithAspNetCoreMvc.Service\FunWithAspNetCoreMvc.Service.csproj", "{590BCD42-A015-42BC-AD65-5001FDB28364}"
EndProject
Global
	GlobalSection(SolutionConfigurationPlatforms) = preSolution
		Debug|Any CPU = Debug|Any CPU
		Release|Any CPU = Release|Any CPU
	EndGlobalSection
	GlobalSection(ProjectConfigurationPlatforms) = postSolution
		{095D65E9-68F5-437D-9DA2-3EAEE6ABDF9B}.Debug|Any CPU.ActiveCfg = Debug|Any CPU
		{095D65E9-68F5-437D-9DA2-3EAEE6ABDF9B}.Debug|Any CPU.Build.0 = Debug|Any CPU
		{095D65E9-68F5-437D-9DA2-3EAEE6ABDF9B}.Release|Any CPU.ActiveCfg = Release|Any CPU
		{095D65E9-68F5-437D-9DA2-3EAEE6ABDF9B}.Release|Any CPU.Build.0 = Release|Any CPU
		{DFABB18C-A57A-49E9-B275-C6F34BB3F61F}.Debug|Any CPU.ActiveCfg = Debug|Any CPU
		{DFABB18C-A57A-49E9-B275-C6F34BB3F61F}.Debug|Any CPU.Build.0 = Debug|Any CPU
		{DFABB18C-A57A-49E9-B275-C6F34BB3F61F}.Release|Any CPU.ActiveCfg = Release|Any CPU
		{DFABB18C-A57A-49E9-B275-C6F34BB3F61F}.Release|Any CPU.Build.0 = Release|Any CPU
		{87ACC2A0-0424-45D9-9AF9-CE2229391DF7}.Debug|Any CPU.ActiveCfg = Debug|Any CPU
		{87ACC2A0-0424-45D9-9AF9-CE2229391DF7}.Debug|Any CPU.Build.0 = Debug|Any CPU
		{87ACC2A0-0424-45D9-9AF9-CE2229391DF7}.Release|Any CPU.ActiveCfg = Release|Any CPU
		{87ACC2A0-0424-45D9-9AF9-CE2229391DF7}.Release|Any CPU.Build.0 = Release|Any CPU
		{590BCD42-A015-42BC-AD65-5001FDB28364}.Debug|Any CPU.ActiveCfg = Debug|Any CPU
		{590BCD42-A015-42BC-AD65-5001FDB28364}.Debug|Any CPU.Build.0 = Debug|Any CPU
		{590BCD42-A015-42BC-AD65-5001FDB28364}.Release|Any CPU.ActiveCfg = Release|Any CPU
		{590BCD42-A015-42BC-AD65-5001FDB28364}.Release|Any CPU.Build.0 = Release|Any CPU
	EndGlobalSection
	GlobalSection(SolutionProperties) = preSolution
		HideSolutionNode = FALSE
	EndGlobalSection
	GlobalSection(ExtensibilityGlobals) = postSolution
		SolutionGuid = {581F4FFD-929C-4A63-81C5-FF05DF936917}
	EndGlobalSection
EndGlobal
